// !$*UTF8*$!
{
	archiveVersion = 1;
	classes = {
	};
	objectVersion = 48;
	objects = {

/* Begin PBXBuildFile section */
		B81B66281FCAA4700038B0AD /* Home.swift in Sources */ = {isa = PBXBuildFile; fileRef = B81B66271FCAA4700038B0AD /* Home.swift */; };
		B81B662C1FCAADC90038B0AD /* News.swift in Sources */ = {isa = PBXBuildFile; fileRef = B81B662B1FCAADC90038B0AD /* News.swift */; };
		B8A762EB1FCA3607001E158C /* Validate.swift in Sources */ = {isa = PBXBuildFile; fileRef = B8A762EA1FCA3607001E158C /* Validate.swift */; };
		B8B0A8FD1FC97D77008D7CE5 /* AppDelegate.swift in Sources */ = {isa = PBXBuildFile; fileRef = B8B0A8FC1FC97D77008D7CE5 /* AppDelegate.swift */; };
		B8B0A9021FC97D77008D7CE5 /* Main.storyboard in Resources */ = {isa = PBXBuildFile; fileRef = B8B0A9001FC97D77008D7CE5 /* Main.storyboard */; };
		B8B0A9051FC97D77008D7CE5 /* Insurhelp.xcdatamodeld in Sources */ = {isa = PBXBuildFile; fileRef = B8B0A9031FC97D77008D7CE5 /* Insurhelp.xcdatamodeld */; };
		B8B0A9071FC97D77008D7CE5 /* Assets.xcassets in Resources */ = {isa = PBXBuildFile; fileRef = B8B0A9061FC97D77008D7CE5 /* Assets.xcassets */; };
		B8B0A90A1FC97D77008D7CE5 /* LaunchScreen.storyboard in Resources */ = {isa = PBXBuildFile; fileRef = B8B0A9081FC97D77008D7CE5 /* LaunchScreen.storyboard */; };
		B8B0A9131FC9844F008D7CE5 /* Accident.swift in Sources */ = {isa = PBXBuildFile; fileRef = B8B0A9121FC9844F008D7CE5 /* Accident.swift */; };
		B8B0A9171FC9868A008D7CE5 /* Stor.swift in Sources */ = {isa = PBXBuildFile; fileRef = B8B0A9161FC9868A008D7CE5 /* Stor.swift */; };
		B8B0A9191FC986E2008D7CE5 /* Login.swift in Sources */ = {isa = PBXBuildFile; fileRef = B8B0A9181FC986E2008D7CE5 /* Login.swift */; };
		B8B0A91F1FC9A1ED008D7CE5 /* EmergTableViewController.swift in Sources */ = {isa = PBXBuildFile; fileRef = B8B0A91E1FC9A1ED008D7CE5 /* EmergTableViewController.swift */; };
		B8B0A9211FC9A21C008D7CE5 /* EmergOther.swift in Sources */ = {isa = PBXBuildFile; fileRef = B8B0A9201FC9A21C008D7CE5 /* EmergOther.swift */; };
		B8B0A9231FC9A818008D7CE5 /* GoogleService-Info.plist in Resources */ = {isa = PBXBuildFile; fileRef = B8B0A9221FC9A818008D7CE5 /* GoogleService-Info.plist */; };
		B8B0A9281FC9AA2F008D7CE5 /* feEBsVSI.jpg in Resources */ = {isa = PBXBuildFile; fileRef = B8B0A9251FC9AA2E008D7CE5 /* feEBsVSI.jpg */; };
		B8B0A9291FC9AA2F008D7CE5 /* ING_lion_RGB_200x200.png in Resources */ = {isa = PBXBuildFile; fileRef = B8B0A9261FC9AA2E008D7CE5 /* ING_lion_RGB_200x200.png */; };
		B8B0A92A1FC9AA2F008D7CE5 /* print-logo.png in Resources */ = {isa = PBXBuildFile; fileRef = B8B0A9271FC9AA2E008D7CE5 /* print-logo.png */; };
		B8B0A9361FC9AA47008D7CE5 /* 575934-200a1.png in Resources */ = {isa = PBXBuildFile; fileRef = B8B0A92C1FC9AA47008D7CE5 /* 575934-200a1.png */; };
		B8B0A9371FC9AA47008D7CE5 /* ambulance-icon-86015.png in Resources */ = {isa = PBXBuildFile; fileRef = B8B0A92D1FC9AA47008D7CE5 /* ambulance-icon-86015.png */; };
		B8B0A9381FC9AA47008D7CE5 /* Elliot_Grievesona1.png in Resources */ = {isa = PBXBuildFile; fileRef = B8B0A92E1FC9AA47008D7CE5 /* Elliot_Grievesona1.png */; };
		B8B0A9391FC9AA47008D7CE5 /* exclamation-mark-98739_960_720a1 12-50-51-105.png in Resources */ = {isa = PBXBuildFile; fileRef = B8B0A92F1FC9AA47008D7CE5 /* exclamation-mark-98739_960_720a1 12-50-51-105.png */; };
		B8B0A93A1FC9AA47008D7CE5 /* fire.png in Resources */ = {isa = PBXBuildFile; fileRef = B8B0A9301FC9AA47008D7CE5 /* fire.png */; };
		B8B0A93B1FC9AA47008D7CE5 /* form-autre.png in Resources */ = {isa = PBXBuildFile; fileRef = B8B0A9311FC9AA47008D7CE5 /* form-autre.png */; };
		B8B0A93C1FC9AA47008D7CE5 /* Home-icon_svg.png in Resources */ = {isa = PBXBuildFile; fileRef = B8B0A9321FC9AA47008D7CE5 /* Home-icon_svg.png */; };
		B8B0A93D1FC9AA47008D7CE5 /* police-car-icon-5642-0.png in Resources */ = {isa = PBXBuildFile; fileRef = B8B0A9331FC9AA47008D7CE5 /* police-car-icon-5642-0.png */; };
		B8B0A93E1FC9AA47008D7CE5 /* Webp.net-resizeimage-2.png in Resources */ = {isa = PBXBuildFile; fileRef = B8B0A9341FC9AA47008D7CE5 /* Webp.net-resizeimage-2.png */; };
		B8B0A93F1FC9AA47008D7CE5 /* Webp.net-resizeimage.png in Resources */ = {isa = PBXBuildFile; fileRef = B8B0A9351FC9AA47008D7CE5 /* Webp.net-resizeimage.png */; };
		B8B0A9411FC9AF74008D7CE5 /* notes.swift in Sources */ = {isa = PBXBuildFile; fileRef = B8B0A9401FC9AF74008D7CE5 /* notes.swift */; };
		B8B0A94B1FC9C979008D7CE5 /* AddNote.swift in Sources */ = {isa = PBXBuildFile; fileRef = B8B0A94A1FC9C979008D7CE5 /* AddNote.swift */; };
		B8B0A94D1FC9CCCE008D7CE5 /* NoteDetail.swift in Sources */ = {isa = PBXBuildFile; fileRef = B8B0A94C1FC9CCCE008D7CE5 /* NoteDetail.swift */; };
		B8B0A94F1FC9FB96008D7CE5 /* PosOfInsuringTableViewController.swift in Sources */ = {isa = PBXBuildFile; fileRef = B8B0A94E1FC9FB96008D7CE5 /* PosOfInsuringTableViewController.swift */; };
		B8B0A95B1FCA1712008D7CE5 /* SelectCompany.swift in Sources */ = {isa = PBXBuildFile; fileRef = B8B0A95A1FCA1712008D7CE5 /* SelectCompany.swift */; };
		B8B0A9611FCA1D20008D7CE5 /* axa_logo_solid_208.png in Resources */ = {isa = PBXBuildFile; fileRef = B8B0A9601FCA1D20008D7CE5 /* axa_logo_solid_208.png */; };
		B8B0A9631FCA1D40008D7CE5 /* mm_logo-01.png in Resources */ = {isa = PBXBuildFile; fileRef = B8B0A9621FCA1D40008D7CE5 /* mm_logo-01.png */; };
		B8B0A9651FCA1D80008D7CE5 /* EUROLIFEfairfax-logo-01.png in Resources */ = {isa = PBXBuildFile; fileRef = B8B0A9641FCA1D80008D7CE5 /* EUROLIFEfairfax-logo-01.png */; };
		B8B0A96E1FCA21C7008D7CE5 /* car rounf.png in Resources */ = {isa = PBXBuildFile; fileRef = B8B0A9661FCA21C0008D7CE5 /* car rounf.png */; };
		B8B0A96F1FCA21C7008D7CE5 /* home.png in Resources */ = {isa = PBXBuildFile; fileRef = B8B0A9671FCA21C1008D7CE5 /* home.png */; };
		B8B0A9701FCA21C7008D7CE5 /* bike.png in Resources */ = {isa = PBXBuildFile; fileRef = B8B0A9681FCA21C2008D7CE5 /* bike.png */; };
		B8B0A9711FCA21C7008D7CE5 /* health.png in Resources */ = {isa = PBXBuildFile; fileRef = B8B0A9691FCA21C3008D7CE5 /* health.png */; };
		B8B0A9721FCA21C7008D7CE5 /* home round.png in Resources */ = {isa = PBXBuildFile; fileRef = B8B0A96A1FCA21C4008D7CE5 /* home round.png */; };
		B8B0A9731FCA21C7008D7CE5 /* car.png in Resources */ = {isa = PBXBuildFile; fileRef = B8B0A96B1FCA21C5008D7CE5 /* car.png */; };
		B8B0A9741FCA21C7008D7CE5 /* health round.png in Resources */ = {isa = PBXBuildFile; fileRef = B8B0A96C1FCA21C6008D7CE5 /* health round.png */; };
		B8B0A9751FCA21C7008D7CE5 /* bike round.png in Resources */ = {isa = PBXBuildFile; fileRef = B8B0A96D1FCA21C7008D7CE5 /* bike round.png */; };
		B8B0A9771FCA23CC008D7CE5 /* Screen Shot 2017-11-26 at 00.18.28.png in Resources */ = {isa = PBXBuildFile; fileRef = B8B0A9761FCA23CB008D7CE5 /* Screen Shot 2017-11-26 at 00.18.28.png */; };
		B8B0A9791FCA24D8008D7CE5 /* Info.swift in Sources */ = {isa = PBXBuildFile; fileRef = B8B0A9781FCA24D8008D7CE5 /* Info.swift */; };
		B8D0F2101FCA283F0032B508 /* anytime-btm-logo.png in Resources */ = {isa = PBXBuildFile; fileRef = B8D0F20F1FCA283F0032B508 /* anytime-btm-logo.png */; };
		DE44AF8D694B28C05CAF405A /* Pods_Insurhelp.framework in Frameworks */ = {isa = PBXBuildFile; fileRef = 1C6F10168F92D5475FF068AD /* Pods_Insurhelp.framework */; };
/* End PBXBuildFile section */

/* Begin PBXFileReference section */
		059E773E3443E906597B98BD /* Pods-Insurhelp.release.xcconfig */ = {isa = PBXFileReference; includeInIndex = 1; lastKnownFileType = text.xcconfig; name = "Pods-Insurhelp.release.xcconfig"; path = "Pods/Target Support Files/Pods-Insurhelp/Pods-Insurhelp.release.xcconfig"; sourceTree = "<group>"; };
		1C6F10168F92D5475FF068AD /* Pods_Insurhelp.framework */ = {isa = PBXFileReference; explicitFileType = wrapper.framework; includeInIndex = 0; path = Pods_Insurhelp.framework; sourceTree = BUILT_PRODUCTS_DIR; };
		2F6ED4B3985498C65E2DC681 /* Pods-Insurhelp.debug.xcconfig */ = {isa = PBXFileReference; includeInIndex = 1; lastKnownFileType = text.xcconfig; name = "Pods-Insurhelp.debug.xcconfig"; path = "Pods/Target Support Files/Pods-Insurhelp/Pods-Insurhelp.debug.xcconfig"; sourceTree = "<group>"; };
		B81B66271FCAA4700038B0AD /* Home.swift */ = {isa = PBXFileReference; lastKnownFileType = sourcecode.swift; path = Home.swift; sourceTree = "<group>"; };
		B81B662B1FCAADC90038B0AD /* News.swift */ = {isa = PBXFileReference; lastKnownFileType = sourcecode.swift; path = News.swift; sourceTree = "<group>"; };
		B8A762EA1FCA3607001E158C /* Validate.swift */ = {isa = PBXFileReference; lastKnownFileType = sourcecode.swift; path = Validate.swift; sourceTree = "<group>"; };
		B8B0A8F91FC97D77008D7CE5 /* Insurhelp.app */ = {isa = PBXFileReference; explicitFileType = wrapper.application; includeInIndex = 0; path = Insurhelp.app; sourceTree = BUILT_PRODUCTS_DIR; };
		B8B0A8FC1FC97D77008D7CE5 /* AppDelegate.swift */ = {isa = PBXFileReference; lastKnownFileType = sourcecode.swift; path = AppDelegate.swift; sourceTree = "<group>"; };
		B8B0A9011FC97D77008D7CE5 /* Base */ = {isa = PBXFileReference; lastKnownFileType = file.storyboard; name = Base; path = Base.lproj/Main.storyboard; sourceTree = "<group>"; };
		B8B0A9041FC97D77008D7CE5 /* Insurhelp.xcdatamodel */ = {isa = PBXFileReference; lastKnownFileType = wrapper.xcdatamodel; path = Insurhelp.xcdatamodel; sourceTree = "<group>"; };
		B8B0A9061FC97D77008D7CE5 /* Assets.xcassets */ = {isa = PBXFileReference; lastKnownFileType = folder.assetcatalog; path = Assets.xcassets; sourceTree = "<group>"; };
		B8B0A9091FC97D77008D7CE5 /* Base */ = {isa = PBXFileReference; lastKnownFileType = file.storyboard; name = Base; path = Base.lproj/LaunchScreen.storyboard; sourceTree = "<group>"; };
		B8B0A90B1FC97D77008D7CE5 /* Info.plist */ = {isa = PBXFileReference; lastKnownFileType = text.plist.xml; path = Info.plist; sourceTree = "<group>"; };
		B8B0A9121FC9844F008D7CE5 /* Accident.swift */ = {isa = PBXFileReference; lastKnownFileType = sourcecode.swift; path = Accident.swift; sourceTree = "<group>"; };
		B8B0A9161FC9868A008D7CE5 /* Stor.swift */ = {isa = PBXFileReference; lastKnownFileType = sourcecode.swift; path = Stor.swift; sourceTree = "<group>"; };
		B8B0A9181FC986E2008D7CE5 /* Login.swift */ = {isa = PBXFileReference; lastKnownFileType = sourcecode.swift; path = Login.swift; sourceTree = "<group>"; };
		B8B0A91E1FC9A1ED008D7CE5 /* EmergTableViewController.swift */ = {isa = PBXFileReference; lastKnownFileType = sourcecode.swift; path = EmergTableViewController.swift; sourceTree = "<group>"; };
		B8B0A9201FC9A21C008D7CE5 /* EmergOther.swift */ = {isa = PBXFileReference; lastKnownFileType = sourcecode.swift; path = EmergOther.swift; sourceTree = "<group>"; };
		B8B0A9221FC9A818008D7CE5 /* GoogleService-Info.plist */ = {isa = PBXFileReference; fileEncoding = 4; lastKnownFileType = text.plist.xml; path = "GoogleService-Info.plist"; sourceTree = "<group>"; };
		B8B0A9251FC9AA2E008D7CE5 /* feEBsVSI.jpg */ = {isa = PBXFileReference; lastKnownFileType = image.jpeg; path = feEBsVSI.jpg; sourceTree = "<group>"; };
		B8B0A9261FC9AA2E008D7CE5 /* ING_lion_RGB_200x200.png */ = {isa = PBXFileReference; lastKnownFileType = image.png; path = ING_lion_RGB_200x200.png; sourceTree = "<group>"; };
		B8B0A9271FC9AA2E008D7CE5 /* print-logo.png */ = {isa = PBXFileReference; lastKnownFileType = image.png; path = "print-logo.png"; sourceTree = "<group>"; };
		B8B0A92C1FC9AA47008D7CE5 /* 575934-200a1.png */ = {isa = PBXFileReference; lastKnownFileType = image.png; path = "575934-200a1.png"; sourceTree = "<group>"; };
		B8B0A92D1FC9AA47008D7CE5 /* ambulance-icon-86015.png */ = {isa = PBXFileReference; lastKnownFileType = image.png; path = "ambulance-icon-86015.png"; sourceTree = "<group>"; };
		B8B0A92E1FC9AA47008D7CE5 /* Elliot_Grievesona1.png */ = {isa = PBXFileReference; lastKnownFileType = image.png; path = Elliot_Grievesona1.png; sourceTree = "<group>"; };
		B8B0A92F1FC9AA47008D7CE5 /* exclamation-mark-98739_960_720a1 12-50-51-105.png */ = {isa = PBXFileReference; lastKnownFileType = image.png; path = "exclamation-mark-98739_960_720a1 12-50-51-105.png"; sourceTree = "<group>"; };
		B8B0A9301FC9AA47008D7CE5 /* fire.png */ = {isa = PBXFileReference; lastKnownFileType = image.png; path = fire.png; sourceTree = "<group>"; };
		B8B0A9311FC9AA47008D7CE5 /* form-autre.png */ = {isa = PBXFileReference; lastKnownFileType = image.png; path = "form-autre.png"; sourceTree = "<group>"; };
		B8B0A9321FC9AA47008D7CE5 /* Home-icon_svg.png */ = {isa = PBXFileReference; lastKnownFileType = image.png; path = "Home-icon_svg.png"; sourceTree = "<group>"; };
		B8B0A9331FC9AA47008D7CE5 /* police-car-icon-5642-0.png */ = {isa = PBXFileReference; lastKnownFileType = image.png; path = "police-car-icon-5642-0.png"; sourceTree = "<group>"; };
		B8B0A9341FC9AA47008D7CE5 /* Webp.net-resizeimage-2.png */ = {isa = PBXFileReference; lastKnownFileType = image.png; path = "Webp.net-resizeimage-2.png"; sourceTree = "<group>"; };
		B8B0A9351FC9AA47008D7CE5 /* Webp.net-resizeimage.png */ = {isa = PBXFileReference; lastKnownFileType = image.png; path = "Webp.net-resizeimage.png"; sourceTree = "<group>"; };
		B8B0A9401FC9AF74008D7CE5 /* notes.swift */ = {isa = PBXFileReference; lastKnownFileType = sourcecode.swift; path = notes.swift; sourceTree = "<group>"; };
		B8B0A94A1FC9C979008D7CE5 /* AddNote.swift */ = {isa = PBXFileReference; lastKnownFileType = sourcecode.swift; path = AddNote.swift; sourceTree = "<group>"; };
		B8B0A94C1FC9CCCE008D7CE5 /* NoteDetail.swift */ = {isa = PBXFileReference; lastKnownFileType = sourcecode.swift; path = NoteDetail.swift; sourceTree = "<group>"; };
		B8B0A94E1FC9FB96008D7CE5 /* PosOfInsuringTableViewController.swift */ = {isa = PBXFileReference; lastKnownFileType = sourcecode.swift; path = PosOfInsuringTableViewController.swift; sourceTree = "<group>"; };
		B8B0A95A1FCA1712008D7CE5 /* SelectCompany.swift */ = {isa = PBXFileReference; lastKnownFileType = sourcecode.swift; path = SelectCompany.swift; sourceTree = "<group>"; };
		B8B0A9601FCA1D20008D7CE5 /* axa_logo_solid_208.png */ = {isa = PBXFileReference; lastKnownFileType = image.png; path = axa_logo_solid_208.png; sourceTree = "<group>"; };
		B8B0A9621FCA1D40008D7CE5 /* mm_logo-01.png */ = {isa = PBXFileReference; lastKnownFileType = image.png; path = "mm_logo-01.png"; sourceTree = "<group>"; };
		B8B0A9641FCA1D80008D7CE5 /* EUROLIFEfairfax-logo-01.png */ = {isa = PBXFileReference; lastKnownFileType = image.png; path = "EUROLIFEfairfax-logo-01.png"; sourceTree = "<group>"; };
		B8B0A9661FCA21C0008D7CE5 /* car rounf.png */ = {isa = PBXFileReference; lastKnownFileType = image.png; path = "car rounf.png"; sourceTree = "<group>"; };
		B8B0A9671FCA21C1008D7CE5 /* home.png */ = {isa = PBXFileReference; lastKnownFileType = image.png; path = home.png; sourceTree = "<group>"; };
		B8B0A9681FCA21C2008D7CE5 /* bike.png */ = {isa = PBXFileReference; lastKnownFileType = image.png; path = bike.png; sourceTree = "<group>"; };
		B8B0A9691FCA21C3008D7CE5 /* health.png */ = {isa = PBXFileReference; lastKnownFileType = image.png; path = health.png; sourceTree = "<group>"; };
		B8B0A96A1FCA21C4008D7CE5 /* home round.png */ = {isa = PBXFileReference; lastKnownFileType = image.png; path = "home round.png"; sourceTree = "<group>"; };
		B8B0A96B1FCA21C5008D7CE5 /* car.png */ = {isa = PBXFileReference; lastKnownFileType = image.png; path = car.png; sourceTree = "<group>"; };
		B8B0A96C1FCA21C6008D7CE5 /* health round.png */ = {isa = PBXFileReference; lastKnownFileType = image.png; path = "health round.png"; sourceTree = "<group>"; };
		B8B0A96D1FCA21C7008D7CE5 /* bike round.png */ = {isa = PBXFileReference; lastKnownFileType = image.png; path = "bike round.png"; sourceTree = "<group>"; };
		B8B0A9761FCA23CB008D7CE5 /* Screen Shot 2017-11-26 at 00.18.28.png */ = {isa = PBXFileReference; lastKnownFileType = image.png; path = "Screen Shot 2017-11-26 at 00.18.28.png"; sourceTree = "<group>"; };
		B8B0A9781FCA24D8008D7CE5 /* Info.swift */ = {isa = PBXFileReference; lastKnownFileType = sourcecode.swift; path = Info.swift; sourceTree = "<group>"; };
		B8D0F20F1FCA283F0032B508 /* anytime-btm-logo.png */ = {isa = PBXFileReference; lastKnownFileType = image.png; path = "anytime-btm-logo.png"; sourceTree = "<group>"; };
/* End PBXFileReference section */

/* Begin PBXFrameworksBuildPhase section */
		B8B0A8F61FC97D77008D7CE5 /* Frameworks */ = {
			isa = PBXFrameworksBuildPhase;
			buildActionMask = 2147483647;
			files = (
				DE44AF8D694B28C05CAF405A /* Pods_Insurhelp.framework in Frameworks */,
			);
			runOnlyForDeploymentPostprocessing = 0;
		};
/* End PBXFrameworksBuildPhase section */

/* Begin PBXGroup section */
		6200F58326B0BE6037712C0D /* Frameworks */ = {
			isa = PBXGroup;
			children = (
				1C6F10168F92D5475FF068AD /* Pods_Insurhelp.framework */,
			);
			name = Frameworks;
			sourceTree = "<group>";
		};
		A1228D265EE11ACDF778C175 /* Pods */ = {
			isa = PBXGroup;
			children = (
				2F6ED4B3985498C65E2DC681 /* Pods-Insurhelp.debug.xcconfig */,
				059E773E3443E906597B98BD /* Pods-Insurhelp.release.xcconfig */,
			);
			name = Pods;
			sourceTree = "<group>";
		};
		B8B0A8F01FC97D77008D7CE5 = {
			isa = PBXGroup;
			children = (
				B8B0A8FB1FC97D77008D7CE5 /* Insurhelp */,
				B8B0A8FA1FC97D77008D7CE5 /* Products */,
				A1228D265EE11ACDF778C175 /* Pods */,
				6200F58326B0BE6037712C0D /* Frameworks */,
				B8B0A9241FC9AA2E008D7CE5 /* Pic */,
				B8B0A92B1FC9AA47008D7CE5 /* Icons */,
			);
			sourceTree = "<group>";
		};
		B8B0A8FA1FC97D77008D7CE5 /* Products */ = {
			isa = PBXGroup;
			children = (
				B8B0A8F91FC97D77008D7CE5 /* Insurhelp.app */,
			);
			name = Products;
			sourceTree = "<group>";
		};
		B8B0A8FB1FC97D77008D7CE5 /* Insurhelp */ = {
			isa = PBXGroup;
			children = (
				B81B662B1FCAADC90038B0AD /* News.swift */,
				B81B66271FCAA4700038B0AD /* Home.swift */,
				B8A762EA1FCA3607001E158C /* Validate.swift */,
				B8B0A9781FCA24D8008D7CE5 /* Info.swift */,
				B8B0A95A1FCA1712008D7CE5 /* SelectCompany.swift */,
				B8B0A94E1FC9FB96008D7CE5 /* PosOfInsuringTableViewController.swift */,
				B8B0A94C1FC9CCCE008D7CE5 /* NoteDetail.swift */,
				B8B0A94A1FC9C979008D7CE5 /* AddNote.swift */,
				B8B0A9401FC9AF74008D7CE5 /* notes.swift */,
				B8B0A91E1FC9A1ED008D7CE5 /* EmergTableViewController.swift */,
				B8B0A9201FC9A21C008D7CE5 /* EmergOther.swift */,
				B8B0A9181FC986E2008D7CE5 /* Login.swift */,
				B8B0A9161FC9868A008D7CE5 /* Stor.swift */,
				B8B0A9121FC9844F008D7CE5 /* Accident.swift */,
				B8B0A8FC1FC97D77008D7CE5 /* AppDelegate.swift */,
				B8B0A9001FC97D77008D7CE5 /* Main.storyboard */,
				B8B0A9061FC97D77008D7CE5 /* Assets.xcassets */,
				B8B0A9221FC9A818008D7CE5 /* GoogleService-Info.plist */,
				B8B0A9081FC97D77008D7CE5 /* LaunchScreen.storyboard */,
				B8B0A90B1FC97D77008D7CE5 /* Info.plist */,
				B8B0A9031FC97D77008D7CE5 /* Insurhelp.xcdatamodeld */,
			);
			path = Insurhelp;
			sourceTree = "<group>";
		};
		B8B0A9241FC9AA2E008D7CE5 /* Pic */ = {
			isa = PBXGroup;
			children = (
				B8B0A9621FCA1D40008D7CE5 /* mm_logo-01.png */,
				B8B0A9251FC9AA2E008D7CE5 /* feEBsVSI.jpg */,
				B8B0A9261FC9AA2E008D7CE5 /* ING_lion_RGB_200x200.png */,
				B8B0A9761FCA23CB008D7CE5 /* Screen Shot 2017-11-26 at 00.18.28.png */,
				B8B0A9641FCA1D80008D7CE5 /* EUROLIFEfairfax-logo-01.png */,
				B8B0A9271FC9AA2E008D7CE5 /* print-logo.png */,
				B8B0A9601FCA1D20008D7CE5 /* axa_logo_solid_208.png */,
				B8D0F20F1FCA283F0032B508 /* anytime-btm-logo.png */,
			);
			path = Pic;
			sourceTree = "<group>";
		};
		B8B0A92B1FC9AA47008D7CE5 /* Icons */ = {
			isa = PBXGroup;
			children = (
				B8B0A96D1FCA21C7008D7CE5 /* bike round.png */,
				B8B0A9691FCA21C3008D7CE5 /* health.png */,
				B8B0A96B1FCA21C5008D7CE5 /* car.png */,
				B8B0A9671FCA21C1008D7CE5 /* home.png */,
				B8B0A9681FCA21C2008D7CE5 /* bike.png */,
				B8B0A96A1FCA21C4008D7CE5 /* home round.png */,
				B8B0A96C1FCA21C6008D7CE5 /* health round.png */,
				B8B0A9661FCA21C0008D7CE5 /* car rounf.png */,
				B8B0A92C1FC9AA47008D7CE5 /* 575934-200a1.png */,
				B8B0A92D1FC9AA47008D7CE5 /* ambulance-icon-86015.png */,
				B8B0A92E1FC9AA47008D7CE5 /* Elliot_Grievesona1.png */,
				B8B0A92F1FC9AA47008D7CE5 /* exclamation-mark-98739_960_720a1 12-50-51-105.png */,
				B8B0A9301FC9AA47008D7CE5 /* fire.png */,
				B8B0A9311FC9AA47008D7CE5 /* form-autre.png */,
				B8B0A9321FC9AA47008D7CE5 /* Home-icon_svg.png */,
				B8B0A9331FC9AA47008D7CE5 /* police-car-icon-5642-0.png */,
				B8B0A9341FC9AA47008D7CE5 /* Webp.net-resizeimage-2.png */,
				B8B0A9351FC9AA47008D7CE5 /* Webp.net-resizeimage.png */,
			);
			path = Icons;
			sourceTree = "<group>";
		};
/* End PBXGroup section */

/* Begin PBXNativeTarget section */
		B8B0A8F81FC97D77008D7CE5 /* Insurhelp */ = {
			isa = PBXNativeTarget;
			buildConfigurationList = B8B0A90E1FC97D77008D7CE5 /* Build configuration list for PBXNativeTarget "Insurhelp" */;
			buildPhases = (
				F033654BF4E67FB063EE61F0 /* [CP] Check Pods Manifest.lock */,
				B8B0A8F51FC97D77008D7CE5 /* Sources */,
				B8B0A8F61FC97D77008D7CE5 /* Frameworks */,
				B8B0A8F71FC97D77008D7CE5 /* Resources */,
				0BFE32E34A5417BAA96040DD /* [CP] Embed Pods Frameworks */,
				CE25C0D3F96D845EA03864C7 /* [CP] Copy Pods Resources */,
			);
			buildRules = (
			);
			dependencies = (
			);
			name = Insurhelp;
			productName = Insurhelp;
			productReference = B8B0A8F91FC97D77008D7CE5 /* Insurhelp.app */;
			productType = "com.apple.product-type.application";
		};
/* End PBXNativeTarget section */

/* Begin PBXProject section */
		B8B0A8F11FC97D77008D7CE5 /* Project object */ = {
			isa = PBXProject;
			attributes = {
				LastSwiftUpdateCheck = 0910;
				LastUpgradeCheck = 0910;
				ORGANIZATIONNAME = "George Zaimis";
				TargetAttributes = {
					B8B0A8F81FC97D77008D7CE5 = {
						CreatedOnToolsVersion = 9.1;
						ProvisioningStyle = Automatic;
					};
				};
			};
			buildConfigurationList = B8B0A8F41FC97D77008D7CE5 /* Build configuration list for PBXProject "Insurhelp" */;
			compatibilityVersion = "Xcode 8.0";
			developmentRegion = en;
			hasScannedForEncodings = 0;
			knownRegions = (
				en,
				Base,
			);
			mainGroup = B8B0A8F01FC97D77008D7CE5;
			productRefGroup = B8B0A8FA1FC97D77008D7CE5 /* Products */;
			projectDirPath = "";
			projectRoot = "";
			targets = (
				B8B0A8F81FC97D77008D7CE5 /* Insurhelp */,
			);
		};
/* End PBXProject section */

/* Begin PBXResourcesBuildPhase section */
		B8B0A8F71FC97D77008D7CE5 /* Resources */ = {
			isa = PBXResourcesBuildPhase;
			buildActionMask = 2147483647;
			files = (
				B8B0A93C1FC9AA47008D7CE5 /* Home-icon_svg.png in Resources */,
				B8B0A93E1FC9AA47008D7CE5 /* Webp.net-resizeimage-2.png in Resources */,
				B8B0A9771FCA23CC008D7CE5 /* Screen Shot 2017-11-26 at 00.18.28.png in Resources */,
				B8B0A90A1FC97D77008D7CE5 /* LaunchScreen.storyboard in Resources */,
				B8B0A9391FC9AA47008D7CE5 /* exclamation-mark-98739_960_720a1 12-50-51-105.png in Resources */,
				B8B0A9281FC9AA2F008D7CE5 /* feEBsVSI.jpg in Resources */,
				B8B0A9721FCA21C7008D7CE5 /* home round.png in Resources */,
				B8B0A93B1FC9AA47008D7CE5 /* form-autre.png in Resources */,
				B8B0A9231FC9A818008D7CE5 /* GoogleService-Info.plist in Resources */,
				B8B0A92A1FC9AA2F008D7CE5 /* print-logo.png in Resources */,
				B8B0A93A1FC9AA47008D7CE5 /* fire.png in Resources */,
				B8B0A9751FCA21C7008D7CE5 /* bike round.png in Resources */,
				B8B0A9291FC9AA2F008D7CE5 /* ING_lion_RGB_200x200.png in Resources */,
				B8B0A9611FCA1D20008D7CE5 /* axa_logo_solid_208.png in Resources */,
				B8B0A96E1FCA21C7008D7CE5 /* car rounf.png in Resources */,
				B8B0A9631FCA1D40008D7CE5 /* mm_logo-01.png in Resources */,
				B8B0A9701FCA21C7008D7CE5 /* bike.png in Resources */,
				B8B0A9361FC9AA47008D7CE5 /* 575934-200a1.png in Resources */,
				B8B0A93D1FC9AA47008D7CE5 /* police-car-icon-5642-0.png in Resources */,
				B8B0A93F1FC9AA47008D7CE5 /* Webp.net-resizeimage.png in Resources */,
				B8D0F2101FCA283F0032B508 /* anytime-btm-logo.png in Resources */,
				B8B0A9071FC97D77008D7CE5 /* Assets.xcassets in Resources */,
				B8B0A9731FCA21C7008D7CE5 /* car.png in Resources */,
				B8B0A9371FC9AA47008D7CE5 /* ambulance-icon-86015.png in Resources */,
				B8B0A9741FCA21C7008D7CE5 /* health round.png in Resources */,
				B8B0A9651FCA1D80008D7CE5 /* EUROLIFEfairfax-logo-01.png in Resources */,
				B8B0A9711FCA21C7008D7CE5 /* health.png in Resources */,
				B8B0A96F1FCA21C7008D7CE5 /* home.png in Resources */,
				B8B0A9021FC97D77008D7CE5 /* Main.storyboard in Resources */,
				B8B0A9381FC9AA47008D7CE5 /* Elliot_Grievesona1.png in Resources */,
			);
			runOnlyForDeploymentPostprocessing = 0;
		};
/* End PBXResourcesBuildPhase section */

/* Begin PBXShellScriptBuildPhase section */
		0BFE32E34A5417BAA96040DD /* [CP] Embed Pods Frameworks */ = {
			isa = PBXShellScriptBuildPhase;
			buildActionMask = 2147483647;
			files = (
			);
			inputPaths = (
				"${SRCROOT}/Pods/Target Support Files/Pods-Insurhelp/Pods-Insurhelp-frameworks.sh",
				"${BUILT_PRODUCTS_DIR}/GTMSessionFetcher/GTMSessionFetcher.framework",
				"${BUILT_PRODUCTS_DIR}/GoogleToolboxForMac/GoogleToolboxForMac.framework",
				"${BUILT_PRODUCTS_DIR}/leveldb-library/leveldb.framework",
				"${BUILT_PRODUCTS_DIR}/nanopb/nanopb.framework",
			);
			name = "[CP] Embed Pods Frameworks";
			outputPaths = (
				"${TARGET_BUILD_DIR}/${FRAMEWORKS_FOLDER_PATH}/GTMSessionFetcher.framework",
				"${TARGET_BUILD_DIR}/${FRAMEWORKS_FOLDER_PATH}/GoogleToolboxForMac.framework",
				"${TARGET_BUILD_DIR}/${FRAMEWORKS_FOLDER_PATH}/leveldb.framework",
				"${TARGET_BUILD_DIR}/${FRAMEWORKS_FOLDER_PATH}/nanopb.framework",
			);
			runOnlyForDeploymentPostprocessing = 0;
			shellPath = /bin/sh;
			shellScript = "\"${SRCROOT}/Pods/Target Support Files/Pods-Insurhelp/Pods-Insurhelp-frameworks.sh\"\n";
			showEnvVarsInLog = 0;
		};
		CE25C0D3F96D845EA03864C7 /* [CP] Copy Pods Resources */ = {
			isa = PBXShellScriptBuildPhase;
			buildActionMask = 2147483647;
			files = (
			);
			inputPaths = (
				"${SRCROOT}/Pods/Target Support Files/Pods-Insurhelp/Pods-Insurhelp-resources.sh",
				"${PODS_ROOT}/GoogleMaps/Frameworks/GoogleMaps.framework/Versions/A/Resources/GoogleMaps.bundle",
			);
			name = "[CP] Copy Pods Resources";
			outputPaths = (
				"${TARGET_BUILD_DIR}/${UNLOCALIZED_RESOURCES_FOLDER_PATH}",
			);
			runOnlyForDeploymentPostprocessing = 0;
			shellPath = /bin/sh;
			shellScript = "\"${SRCROOT}/Pods/Target Support Files/Pods-Insurhelp/Pods-Insurhelp-resources.sh\"\n";
			showEnvVarsInLog = 0;
		};
		F033654BF4E67FB063EE61F0 /* [CP] Check Pods Manifest.lock */ = {
			isa = PBXShellScriptBuildPhase;
			buildActionMask = 2147483647;
			files = (
			);
			inputPaths = (
				"${PODS_PODFILE_DIR_PATH}/Podfile.lock",
				"${PODS_ROOT}/Manifest.lock",
			);
			name = "[CP] Check Pods Manifest.lock";
			outputPaths = (
				"$(DERIVED_FILE_DIR)/Pods-Insurhelp-checkManifestLockResult.txt",
			);
			runOnlyForDeploymentPostprocessing = 0;
			shellPath = /bin/sh;
			shellScript = "diff \"${PODS_PODFILE_DIR_PATH}/Podfile.lock\" \"${PODS_ROOT}/Manifest.lock\" > /dev/null\nif [ $? != 0 ] ; then\n    # print error to STDERR\n    echo \"error: The sandbox is not in sync with the Podfile.lock. Run 'pod install' or update your CocoaPods installation.\" >&2\n    exit 1\nfi\n# This output is used by Xcode 'outputs' to avoid re-running this script phase.\necho \"SUCCESS\" > \"${SCRIPT_OUTPUT_FILE_0}\"\n";
			showEnvVarsInLog = 0;
		};
/* End PBXShellScriptBuildPhase section */

/* Begin PBXSourcesBuildPhase section */
		B8B0A8F51FC97D77008D7CE5 /* Sources */ = {
			isa = PBXSourcesBuildPhase;
			buildActionMask = 2147483647;
			files = (
				B8B0A91F1FC9A1ED008D7CE5 /* EmergTableViewController.swift in Sources */,
				B8B0A9191FC986E2008D7CE5 /* Login.swift in Sources */,
				B81B662C1FCAADC90038B0AD /* News.swift in Sources */,
				B8B0A9131FC9844F008D7CE5 /* Accident.swift in Sources */,
				B8B0A9791FCA24D8008D7CE5 /* Info.swift in Sources */,
				B8B0A94F1FC9FB96008D7CE5 /* PosOfInsuringTableViewController.swift in Sources */,
				B8B0A9211FC9A21C008D7CE5 /* EmergOther.swift in Sources */,
				B8B0A95B1FCA1712008D7CE5 /* SelectCompany.swift in Sources */,
				B81B66281FCAA4700038B0AD /* Home.swift in Sources */,
				B8B0A94D1FC9CCCE008D7CE5 /* NoteDetail.swift in Sources */,
				B8B0A8FD1FC97D77008D7CE5 /* AppDelegate.swift in Sources */,
				B8A762EB1FCA3607001E158C /* Validate.swift in Sources */,
				B8B0A9051FC97D77008D7CE5 /* Insurhelp.xcdatamodeld in Sources */,
				B8B0A9171FC9868A008D7CE5 /* Stor.swift in Sources */,
				B8B0A94B1FC9C979008D7CE5 /* AddNote.swift in Sources */,
				B8B0A9411FC9AF74008D7CE5 /* notes.swift in Sources */,
			);
			runOnlyForDeploymentPostprocessing = 0;
		};
/* End PBXSourcesBuildPhase section */

/* Begin PBXVariantGroup section */
		B8B0A9001FC97D77008D7CE5 /* Main.storyboard */ = {
			isa = PBXVariantGroup;
			children = (
				B8B0A9011FC97D77008D7CE5 /* Base */,
			);
			name = Main.storyboard;
			sourceTree = "<group>";
		};
		B8B0A9081FC97D77008D7CE5 /* LaunchScreen.storyboard */ = {
			isa = PBXVariantGroup;
			children = (
				B8B0A9091FC97D77008D7CE5 /* Base */,
			);
			name = LaunchScreen.storyboard;
			sourceTree = "<group>";
		};
/* End PBXVariantGroup section */

/* Begin XCBuildConfiguration section */
		B8B0A90C1FC97D77008D7CE5 /* Debug */ = {
			isa = XCBuildConfiguration;
			buildSettings = {
				ALWAYS_SEARCH_USER_PATHS = NO;
				CLANG_ANALYZER_NONNULL = YES;
				CLANG_ANALYZER_NUMBER_OBJECT_CONVERSION = YES_AGGRESSIVE;
				CLANG_CXX_LANGUAGE_STANDARD = "gnu++14";
				CLANG_CXX_LIBRARY = "libc++";
				CLANG_ENABLE_MODULES = YES;
				CLANG_ENABLE_OBJC_ARC = YES;
				CLANG_WARN_BLOCK_CAPTURE_AUTORELEASING = YES;
				CLANG_WARN_BOOL_CONVERSION = YES;
				CLANG_WARN_COMMA = YES;
				CLANG_WARN_CONSTANT_CONVERSION = YES;
				CLANG_WARN_DIRECT_OBJC_ISA_USAGE = YES_ERROR;
				CLANG_WARN_DOCUMENTATION_COMMENTS = YES;
				CLANG_WARN_EMPTY_BODY = YES;
				CLANG_WARN_ENUM_CONVERSION = YES;
				CLANG_WARN_INFINITE_RECURSION = YES;
				CLANG_WARN_INT_CONVERSION = YES;
				CLANG_WARN_NON_LITERAL_NULL_CONVERSION = YES;
				CLANG_WARN_OBJC_LITERAL_CONVERSION = YES;
				CLANG_WARN_OBJC_ROOT_CLASS = YES_ERROR;
				CLANG_WARN_RANGE_LOOP_ANALYSIS = YES;
				CLANG_WARN_STRICT_PROTOTYPES = YES;
				CLANG_WARN_SUSPICIOUS_MOVE = YES;
				CLANG_WARN_UNGUARDED_AVAILABILITY = YES_AGGRESSIVE;
				CLANG_WARN_UNREACHABLE_CODE = YES;
				CLANG_WARN__DUPLICATE_METHOD_MATCH = YES;
				CODE_SIGN_IDENTITY = "iPhone Developer";
				COPY_PHASE_STRIP = NO;
				DEBUG_INFORMATION_FORMAT = dwarf;
				ENABLE_STRICT_OBJC_MSGSEND = YES;
				ENABLE_TESTABILITY = YES;
				GCC_C_LANGUAGE_STANDARD = gnu11;
				GCC_DYNAMIC_NO_PIC = NO;
				GCC_NO_COMMON_BLOCKS = YES;
				GCC_OPTIMIZATION_LEVEL = 0;
				GCC_PREPROCESSOR_DEFINITIONS = (
					"DEBUG=1",
					"$(inherited)",
				);
				GCC_WARN_64_TO_32_BIT_CONVERSION = YES;
				GCC_WARN_ABOUT_RETURN_TYPE = YES_ERROR;
				GCC_WARN_UNDECLARED_SELECTOR = YES;
				GCC_WARN_UNINITIALIZED_AUTOS = YES_AGGRESSIVE;
				GCC_WARN_UNUSED_FUNCTION = YES;
				GCC_WARN_UNUSED_VARIABLE = YES;
				IPHONEOS_DEPLOYMENT_TARGET = 11.1;
				MTL_ENABLE_DEBUG_INFO = YES;
				ONLY_ACTIVE_ARCH = YES;
				SDKROOT = iphoneos;
				SWIFT_ACTIVE_COMPILATION_CONDITIONS = DEBUG;
				SWIFT_OPTIMIZATION_LEVEL = "-Onone";
			};
			name = Debug;
		};
		B8B0A90D1FC97D77008D7CE5 /* Release */ = {
			isa = XCBuildConfiguration;
			buildSettings = {
				ALWAYS_SEARCH_USER_PATHS = NO;
				CLANG_ANALYZER_NONNULL = YES;
				CLANG_ANALYZER_NUMBER_OBJECT_CONVERSION = YES_AGGRESSIVE;
				CLANG_CXX_LANGUAGE_STANDARD = "gnu++14";
				CLANG_CXX_LIBRARY = "libc++";
				CLANG_ENABLE_MODULES = YES;
				CLANG_ENABLE_OBJC_ARC = YES;
				CLANG_WARN_BLOCK_CAPTURE_AUTORELEASING = YES;
				CLANG_WARN_BOOL_CONVERSION = YES;
				CLANG_WARN_COMMA = YES;
				CLANG_WARN_CONSTANT_CONVERSION = YES;
				CLANG_WARN_DIRECT_OBJC_ISA_USAGE = YES_ERROR;
				CLANG_WARN_DOCUMENTATION_COMMENTS = YES;
				CLANG_WARN_EMPTY_BODY = YES;
				CLANG_WARN_ENUM_CONVERSION = YES;
				CLANG_WARN_INFINITE_RECURSION = YES;
				CLANG_WARN_INT_CONVERSION = YES;
				CLANG_WARN_NON_LITERAL_NULL_CONVERSION = YES;
				CLANG_WARN_OBJC_LITERAL_CONVERSION = YES;
				CLANG_WARN_OBJC_ROOT_CLASS = YES_ERROR;
				CLANG_WARN_RANGE_LOOP_ANALYSIS = YES;
				CLANG_WARN_STRICT_PROTOTYPES = YES;
				CLANG_WARN_SUSPICIOUS_MOVE = YES;
				CLANG_WARN_UNGUARDED_AVAILABILITY = YES_AGGRESSIVE;
				CLANG_WARN_UNREACHABLE_CODE = YES;
				CLANG_WARN__DUPLICATE_METHOD_MATCH = YES;
				CODE_SIGN_IDENTITY = "iPhone Developer";
				COPY_PHASE_STRIP = NO;
				DEBUG_INFORMATION_FORMAT = "dwarf-with-dsym";
				ENABLE_NS_ASSERTIONS = NO;
				ENABLE_STRICT_OBJC_MSGSEND = YES;
				GCC_C_LANGUAGE_STANDARD = gnu11;
				GCC_NO_COMMON_BLOCKS = YES;
				GCC_WARN_64_TO_32_BIT_CONVERSION = YES;
				GCC_WARN_ABOUT_RETURN_TYPE = YES_ERROR;
				GCC_WARN_UNDECLARED_SELECTOR = YES;
				GCC_WARN_UNINITIALIZED_AUTOS = YES_AGGRESSIVE;
				GCC_WARN_UNUSED_FUNCTION = YES;
				GCC_WARN_UNUSED_VARIABLE = YES;
				IPHONEOS_DEPLOYMENT_TARGET = 11.1;
				MTL_ENABLE_DEBUG_INFO = NO;
				SDKROOT = iphoneos;
				SWIFT_OPTIMIZATION_LEVEL = "-Owholemodule";
				VALIDATE_PRODUCT = YES;
			};
			name = Release;
		};
		B8B0A90F1FC97D77008D7CE5 /* Debug */ = {
			isa = XCBuildConfiguration;
			baseConfigurationReference = 2F6ED4B3985498C65E2DC681 /* Pods-Insurhelp.debug.xcconfig */;
			buildSettings = {
				ASSETCATALOG_COMPILER_APPICON_NAME = AppIcon;
				CODE_SIGN_STYLE = Automatic;
				DEVELOPMENT_TEAM = GYBGU5P5WG;
				INFOPLIST_FILE = Insurhelp/Info.plist;
				IPHONEOS_DEPLOYMENT_TARGET = 11.1;
				LD_RUNPATH_SEARCH_PATHS = "$(inherited) @executable_path/Frameworks";
				PRODUCT_BUNDLE_IDENTIFIER = "george-best.Insurhelp";
				PRODUCT_NAME = "$(TARGET_NAME)";
				SWIFT_VERSION = 4.0;
				TARGETED_DEVICE_FAMILY = 1;
			};
			name = Debug;
		};
		B8B0A9101FC97D77008D7CE5 /* Release */ = {
			isa = XCBuildConfiguration;
			baseConfigurationReference = 059E773E3443E906597B98BD /* Pods-Insurhelp.release.xcconfig */;
			buildSettings = {
				ASSETCATALOG_COMPILER_APPICON_NAME = AppIcon;
				CODE_SIGN_STYLE = Automatic;
				DEVELOPMENT_TEAM = GYBGU5P5WG;
				INFOPLIST_FILE = Insurhelp/Info.plist;
				IPHONEOS_DEPLOYMENT_TARGET = 11.1;
				LD_RUNPATH_SEARCH_PATHS = "$(inherited) @executable_path/Frameworks";
				PRODUCT_BUNDLE_IDENTIFIER = "george-best.Insurhelp";
				PRODUCT_NAME = "$(TARGET_NAME)";
				SWIFT_VERSION = 4.0;
				TARGETED_DEVICE_FAMILY = 1;
			};
			name = Release;
		};
/* End XCBuildConfiguration section */

/* Begin XCConfigurationList section */
		B8B0A8F41FC97D77008D7CE5 /* Build configuration list for PBXProject "Insurhelp" */ = {
			isa = XCConfigurationList;
			buildConfigurations = (
				B8B0A90C1FC97D77008D7CE5 /* Debug */,
				B8B0A90D1FC97D77008D7CE5 /* Release */,
			);
			defaultConfigurationIsVisible = 0;
			defaultConfigurationName = Release;
		};
		B8B0A90E1FC97D77008D7CE5 /* Build configuration list for PBXNativeTarget "Insurhelp" */ = {
			isa = XCConfigurationList;
			buildConfigurations = (
				B8B0A90F1FC97D77008D7CE5 /* Debug */,
				B8B0A9101FC97D77008D7CE5 /* Release */,
			);
			defaultConfigurationIsVisible = 0;
			defaultConfigurationName = Release;
		};
/* End XCConfigurationList section */

/* Begin XCVersionGroup section */
		B8B0A9031FC97D77008D7CE5 /* Insurhelp.xcdatamodeld */ = {
			isa = XCVersionGroup;
			children = (
				B8B0A9041FC97D77008D7CE5 /* Insurhelp.xcdatamodel */,
			);
			currentVersion = B8B0A9041FC97D77008D7CE5 /* Insurhelp.xcdatamodel */;
			path = Insurhelp.xcdatamodeld;
			sourceTree = "<group>";
			versionGroupType = wrapper.xcdatamodel;
		};
/* End XCVersionGroup section */
	};
	rootObject = B8B0A8F11FC97D77008D7CE5 /* Project object */;
}
